
Microsoft Visual Studio Solution File, Format Version 12.00
# Visual Studio Version 17
VisualStudioVersion = 17.0.31903.59
MinimumVisualStudioVersion = 10.0.40219.1
Project("{2150E333-8FDC-42A3-9474-1A3956D46DE8}") = "src", "src", "{827E0CD3-B72D-47B6-A68D-7590B98EB39B}"
EndProject
Project("{FAE04EC0-301F-11D3-BF4B-00C04F79EFBC}") = "Portal.Domain", "src\Portal.Domain\Portal.Domain.csproj", "{E3DC4D38-5ADC-402D-A413-E59AF7E15382}"
EndProject
Project("{FAE04EC0-301F-11D3-BF4B-00C04F79EFBC}") = "Portal.Application", "src\Portal.Application\Portal.Application.csproj", "{263CE060-8209-43C6-BEF4-5C7C72B05915}"
EndProject
Project("{FAE04EC0-301F-11D3-BF4B-00C04F79EFBC}") = "Portal.Infrastructure", "src\Portal.Infrastructure\Portal.Infrastructure.csproj", "{E2B06460-C16E-4587-8AA7-E052D74E3E0B}"
EndProject
Project("{FAE04EC0-301F-11D3-BF4B-00C04F79EFBC}") = "Portal.API", "src\Portal.API\Portal.API.csproj", "{676A3450-B5E8-4F76-B209-DB4FFC65EDCF}"
EndProject
Project("{2150E333-8FDC-42A3-9474-1A3956D46DE8}") = "tests", "tests", "{0AB3BF05-4346-4AA6-1389-037BE0695223}"
EndProject
Project("{FAE04EC0-301F-11D3-BF4B-00C04F79EFBC}") = "Portal.Tests", "tests\Portal.Tests\Portal.Tests.csproj", "{5821BA08-8B7F-4E01-811F-A42D0650137B}"
EndProject
Global
	GlobalSection(SolutionConfigurationPlatforms) = preSolution
		Debug|Any CPU = Debug|Any CPU
		Debug|x64 = Debug|x64
		Debug|x86 = Debug|x86
		Release|Any CPU = Release|Any CPU
		Release|x64 = Release|x64
		Release|x86 = Release|x86
	EndGlobalSection
	GlobalSection(ProjectConfigurationPlatforms) = postSolution
		{E3DC4D38-5ADC-402D-A413-E59AF7E15382}.Debug|Any CPU.ActiveCfg = Debug|Any CPU
		{E3DC4D38-5ADC-402D-A413-E59AF7E15382}.Debug|Any CPU.Build.0 = Debug|Any CPU
		{E3DC4D38-5ADC-402D-A413-E59AF7E15382}.Debug|x64.ActiveCfg = Debug|Any CPU
		{E3DC4D38-5ADC-402D-A413-E59AF7E15382}.Debug|x64.Build.0 = Debug|Any CPU
		{E3DC4D38-5ADC-402D-A413-E59AF7E15382}.Debug|x86.ActiveCfg = Debug|Any CPU
		{E3DC4D38-5ADC-402D-A413-E59AF7E15382}.Debug|x86.Build.0 = Debug|Any CPU
		{E3DC4D38-5ADC-402D-A413-E59AF7E15382}.Release|Any CPU.ActiveCfg = Release|Any CPU
		{E3DC4D38-5ADC-402D-A413-E59AF7E15382}.Release|Any CPU.Build.0 = Release|Any CPU
		{E3DC4D38-5ADC-402D-A413-E59AF7E15382}.Release|x64.ActiveCfg = Release|Any CPU
		{E3DC4D38-5ADC-402D-A413-E59AF7E15382}.Release|x64.Build.0 = Release|Any CPU
		{E3DC4D38-5ADC-402D-A413-E59AF7E15382}.Release|x86.ActiveCfg = Release|Any CPU
		{E3DC4D38-5ADC-402D-A413-E59AF7E15382}.Release|x86.Build.0 = Release|Any CPU
		{263CE060-8209-43C6-BEF4-5C7C72B05915}.Debug|Any CPU.ActiveCfg = Debug|Any CPU
		{263CE060-8209-43C6-BEF4-5C7C72B05915}.Debug|Any CPU.Build.0 = Debug|Any CPU
		{263CE060-8209-43C6-BEF4-5C7C72B05915}.Debug|x64.ActiveCfg = Debug|Any CPU
		{263CE060-8209-43C6-BEF4-5C7C72B05915}.Debug|x64.Build.0 = Debug|Any CPU
		{263CE060-8209-43C6-BEF4-5C7C72B05915}.Debug|x86.ActiveCfg = Debug|Any CPU
		{263CE060-8209-43C6-BEF4-5C7C72B05915}.Debug|x86.Build.0 = Debug|Any CPU
		{263CE060-8209-43C6-BEF4-5C7C72B05915}.Release|Any CPU.ActiveCfg = Release|Any CPU
		{263CE060-8209-43C6-BEF4-5C7C72B05915}.Release|Any CPU.Build.0 = Release|Any CPU
		{263CE060-8209-43C6-BEF4-5C7C72B05915}.Release|x64.ActiveCfg = Release|Any CPU
		{263CE060-8209-43C6-BEF4-5C7C72B05915}.Release|x64.Build.0 = Release|Any CPU
		{263CE060-8209-43C6-BEF4-5C7C72B05915}.Release|x86.ActiveCfg = Release|Any CPU
		{263CE060-8209-43C6-BEF4-5C7C72B05915}.Release|x86.Build.0 = Release|Any CPU
		{E2B06460-C16E-4587-8AA7-E052D74E3E0B}.Debug|Any CPU.ActiveCfg = Debug|Any CPU
		{E2B06460-C16E-4587-8AA7-E052D74E3E0B}.Debug|Any CPU.Build.0 = Debug|Any CPU
		{E2B06460-C16E-4587-8AA7-E052D74E3E0B}.Debug|x64.ActiveCfg = Debug|Any CPU
		{E2B06460-C16E-4587-8AA7-E052D74E3E0B}.Debug|x64.Build.0 = Debug|Any CPU
		{E2B06460-C16E-4587-8AA7-E052D74E3E0B}.Debug|x86.ActiveCfg = Debug|Any CPU
		{E2B06460-C16E-4587-8AA7-E052D74E3E0B}.Debug|x86.Build.0 = Debug|Any CPU
		{E2B06460-C16E-4587-8AA7-E052D74E3E0B}.Release|Any CPU.ActiveCfg = Release|Any CPU
		{E2B06460-C16E-4587-8AA7-E052D74E3E0B}.Release|Any CPU.Build.0 = Release|Any CPU
		{E2B06460-C16E-4587-8AA7-E052D74E3E0B}.Release|x64.ActiveCfg = Release|Any CPU
		{E2B06460-C16E-4587-8AA7-E052D74E3E0B}.Release|x64.Build.0 = Release|Any CPU
		{E2B06460-C16E-4587-8AA7-E052D74E3E0B}.Release|x86.ActiveCfg = Release|Any CPU
		{E2B06460-C16E-4587-8AA7-E052D74E3E0B}.Release|x86.Build.0 = Release|Any CPU
		{676A3450-B5E8-4F76-B209-DB4FFC65EDCF}.Debug|Any CPU.ActiveCfg = Debug|Any CPU
		{676A3450-B5E8-4F76-B209-DB4FFC65EDCF}.Debug|Any CPU.Build.0 = Debug|Any CPU
		{676A3450-B5E8-4F76-B209-DB4FFC65EDCF}.Debug|x64.ActiveCfg = Debug|Any CPU
		{676A3450-B5E8-4F76-B209-DB4FFC65EDCF}.Debug|x64.Build.0 = Debug|Any CPU
		{676A3450-B5E8-4F76-B209-DB4FFC65EDCF}.Debug|x86.ActiveCfg = Debug|Any CPU
		{676A3450-B5E8-4F76-B209-DB4FFC65EDCF}.Debug|x86.Build.0 = Debug|Any CPU
		{676A3450-B5E8-4F76-B209-DB4FFC65EDCF}.Release|Any CPU.ActiveCfg = Release|Any CPU
		{676A3450-B5E8-4F76-B209-DB4FFC65EDCF}.Release|Any CPU.Build.0 = Release|Any CPU
		{676A3450-B5E8-4F76-B209-DB4FFC65EDCF}.Release|x64.ActiveCfg = Release|Any CPU
		{676A3450-B5E8-4F76-B209-DB4FFC65EDCF}.Release|x64.Build.0 = Release|Any CPU
		{676A3450-B5E8-4F76-B209-DB4FFC65EDCF}.Release|x86.ActiveCfg = Release|Any CPU
		{676A3450-B5E8-4F76-B209-DB4FFC65EDCF}.Release|x86.Build.0 = Release|Any CPU
		{5821BA08-8B7F-4E01-811F-A42D0650137B}.Debug|Any CPU.ActiveCfg = Debug|Any CPU
		{5821BA08-8B7F-4E01-811F-A42D0650137B}.Debug|Any CPU.Build.0 = Debug|Any CPU
		{5821BA08-8B7F-4E01-811F-A42D0650137B}.Debug|x64.ActiveCfg = Debug|Any CPU
		{5821BA08-8B7F-4E01-811F-A42D0650137B}.Debug|x64.Build.0 = Debug|Any CPU
		{5821BA08-8B7F-4E01-811F-A42D0650137B}.Debug|x86.ActiveCfg = Debug|Any CPU
		{5821BA08-8B7F-4E01-811F-A42D0650137B}.Debug|x86.Build.0 = Debug|Any CPU
		{5821BA08-8B7F-4E01-811F-A42D0650137B}.Release|Any CPU.ActiveCfg = Release|Any CPU
		{5821BA08-8B7F-4E01-811F-A42D0650137B}.Release|Any CPU.Build.0 = Release|Any CPU
		{5821BA08-8B7F-4E01-811F-A42D0650137B}.Release|x64.ActiveCfg = Release|Any CPU
		{5821BA08-8B7F-4E01-811F-A42D0650137B}.Release|x64.Build.0 = Release|Any CPU
		{5821BA08-8B7F-4E01-811F-A42D0650137B}.Release|x86.ActiveCfg = Release|Any CPU
		{5821BA08-8B7F-4E01-811F-A42D0650137B}.Release|x86.Build.0 = Release|Any CPU
	EndGlobalSection
	GlobalSection(SolutionProperties) = preSolution
		HideSolutionNode = FALSE
	EndGlobalSection
	GlobalSection(NestedProjects) = preSolution
		{E3DC4D38-5ADC-402D-A413-E59AF7E15382} = {827E0CD3-B72D-47B6-A68D-7590B98EB39B}
		{263CE060-8209-43C6-BEF4-5C7C72B05915} = {827E0CD3-B72D-47B6-A68D-7590B98EB39B}
		{E2B06460-C16E-4587-8AA7-E052D74E3E0B} = {827E0CD3-B72D-47B6-A68D-7590B98EB39B}
		{676A3450-B5E8-4F76-B209-DB4FFC65EDCF} = {827E0CD3-B72D-47B6-A68D-7590B98EB39B}
		{5821BA08-8B7F-4E01-811F-A42D0650137B} = {0AB3BF05-4346-4AA6-1389-037BE0695223}
	EndGlobalSection
EndGlobal
